
Microsoft Visual Studio Solution File, Format Version 12.00
# Visual Studio Version 17
VisualStudioVersion = 17.4.33403.182
MinimumVisualStudioVersion = 10.0.40219.1
Project("{FAE04EC0-301F-11D3-BF4B-00C04F79EFBC}") = "DZ6", "DZ6\DZ6.csproj", "{E4124FF2-0D3E-4DAB-A398-172F782D2A3C}"
EndProject
Global
	GlobalSection(SolutionConfigurationPlatforms) = preSolution
		Debug|Any CPU = Debug|Any CPU
		Release|Any CPU = Release|Any CPU
	EndGlobalSection
	GlobalSection(ProjectConfigurationPlatforms) = postSolution
		{E4124FF2-0D3E-4DAB-A398-172F782D2A3C}.Debug|Any CPU.ActiveCfg = Debug|Any CPU
		{E4124FF2-0D3E-4DAB-A398-172F782D2A3C}.Debug|Any CPU.Build.0 = Debug|Any CPU
		{E4124FF2-0D3E-4DAB-A398-172F782D2A3C}.Release|Any CPU.ActiveCfg = Release|Any CPU
		{E4124FF2-0D3E-4DAB-A398-172F782D2A3C}.Release|Any CPU.Build.0 = Release|Any CPU
	EndGlobalSection
	GlobalSection(SolutionProperties) = preSolution
		HideSolutionNode = FALSE
	EndGlobalSection
	GlobalSection(ExtensibilityGlobals) = postSolution
		SolutionGuid = {35861553-A413-4368-AC4B-22BABEB37E57}
	EndGlobalSection
EndGlobal
